// !$*UTF8*$!
{
	archiveVersion = 1;
	classes = {
	};
	objectVersion = 50;
	objects = {

/* Begin PBXBuildFile section */
		3A438C7620FDED56003ED1D0 /* AppDelegate.swift in Sources */ = {isa = PBXBuildFile; fileRef = 3A438C7520FDED56003ED1D0 /* AppDelegate.swift */; };
		3A438C7820FDED56003ED1D0 /* ViewController.swift in Sources */ = {isa = PBXBuildFile; fileRef = 3A438C7720FDED56003ED1D0 /* ViewController.swift */; };
		3A438C7B20FDED56003ED1D0 /* Main.storyboard in Resources */ = {isa = PBXBuildFile; fileRef = 3A438C7920FDED56003ED1D0 /* Main.storyboard */; };
		3A438C7D20FDED58003ED1D0 /* Assets.xcassets in Resources */ = {isa = PBXBuildFile; fileRef = 3A438C7C20FDED58003ED1D0 /* Assets.xcassets */; };
		3A438C8020FDED58003ED1D0 /* LaunchScreen.storyboard in Resources */ = {isa = PBXBuildFile; fileRef = 3A438C7E20FDED58003ED1D0 /* LaunchScreen.storyboard */; };
		3A438C8820FDEE9B003ED1D0 /* sessionModel.swift in Sources */ = {isa = PBXBuildFile; fileRef = 3A438C8720FDEE9B003ED1D0 /* sessionModel.swift */; };
		3A438C8A20FDF44E003ED1D0 /* Inceptionv3.mlmodel in Sources */ = {isa = PBXBuildFile; fileRef = 3A438C8920FDF44E003ED1D0 /* Inceptionv3.mlmodel */; };
/* End PBXBuildFile section */

/* Begin PBXFileReference section */
		3A438C7220FDED56003ED1D0 /* LiveObjectDetection.app */ = {isa = PBXFileReference; explicitFileType = wrapper.application; includeInIndex = 0; path = LiveObjectDetection.app; sourceTree = BUILT_PRODUCTS_DIR; };
		3A438C7520FDED56003ED1D0 /* AppDelegate.swift */ = {isa = PBXFileReference; lastKnownFileType = sourcecode.swift; path = AppDelegate.swift; sourceTree = "<group>"; };
		3A438C7720FDED56003ED1D0 /* ViewController.swift */ = {isa = PBXFileReference; lastKnownFileType = sourcecode.swift; path = ViewController.swift; sourceTree = "<group>"; };
		3A438C7A20FDED56003ED1D0 /* Base */ = {isa = PBXFileReference; lastKnownFileType = file.storyboard; name = Base; path = Base.lproj/Main.storyboard; sourceTree = "<group>"; };
		3A438C7C20FDED58003ED1D0 /* Assets.xcassets */ = {isa = PBXFileReference; lastKnownFileType = folder.assetcatalog; path = Assets.xcassets; sourceTree = "<group>"; };
		3A438C7F20FDED58003ED1D0 /* Base */ = {isa = PBXFileReference; lastKnownFileType = file.storyboard; name = Base; path = Base.lproj/LaunchScreen.storyboard; sourceTree = "<group>"; };
		3A438C8120FDED58003ED1D0 /* Info.plist */ = {isa = PBXFileReference; lastKnownFileType = text.plist.xml; path = Info.plist; sourceTree = "<group>"; };
		3A438C8720FDEE9B003ED1D0 /* sessionModel.swift */ = {isa = PBXFileReference; fileEncoding = 4; lastKnownFileType = sourcecode.swift; path = sessionModel.swift; sourceTree = "<group>"; };
		3A438C8920FDF44E003ED1D0 /* Inceptionv3.mlmodel */ = {isa = PBXFileReference; lastKnownFileType = file.mlmodel; path = Inceptionv3.mlmodel; sourceTree = "<group>"; };
/* End PBXFileReference section */

/* Begin PBXFrameworksBuildPhase section */
		3A438C6F20FDED56003ED1D0 /* Frameworks */ = {
			isa = PBXFrameworksBuildPhase;
			buildActionMask = 2147483647;
			files = (
			);
			runOnlyForDeploymentPostprocessing = 0;
		};
/* End PBXFrameworksBuildPhase section */

/* Begin PBXGroup section */
		3A438C6920FDED56003ED1D0 = {
			isa = PBXGroup;
			children = (
				3A438C7420FDED56003ED1D0 /* LiveObjectDetection */,
				3A438C7320FDED56003ED1D0 /* Products */,
			);
			sourceTree = "<group>";
		};
		3A438C7320FDED56003ED1D0 /* Products */ = {
			isa = PBXGroup;
			children = (
				3A438C7220FDED56003ED1D0 /* LiveObjectDetection.app */,
			);
			name = Products;
			sourceTree = "<group>";
		};
		3A438C7420FDED56003ED1D0 /* LiveObjectDetection */ = {
			isa = PBXGroup;
			children = (
				3A438C8920FDF44E003ED1D0 /* Inceptionv3.mlmodel */,
				3A438C8720FDEE9B003ED1D0 /* sessionModel.swift */,
				3A438C7520FDED56003ED1D0 /* AppDelegate.swift */,
				3A438C7720FDED56003ED1D0 /* ViewController.swift */,
				3A438C7920FDED56003ED1D0 /* Main.storyboard */,
				3A438C7C20FDED58003ED1D0 /* Assets.xcassets */,
				3A438C7E20FDED58003ED1D0 /* LaunchScreen.storyboard */,
				3A438C8120FDED58003ED1D0 /* Info.plist */,
			);
			path = LiveObjectDetection;
			sourceTree = "<group>";
		};
/* End PBXGroup section */

/* Begin PBXNativeTarget section */
		3A438C7120FDED56003ED1D0 /* LiveObjectDetection */ = {
			isa = PBXNativeTarget;
			buildConfigurationList = 3A438C8420FDED58003ED1D0 /* Build configuration list for PBXNativeTarget "LiveObjectDetection" */;
			buildPhases = (
				3A438C6E20FDED56003ED1D0 /* Sources */,
				3A438C6F20FDED56003ED1D0 /* Frameworks */,
				3A438C7020FDED56003ED1D0 /* Resources */,
			);
			buildRules = (
			);
			dependencies = (
			);
			name = LiveObjectDetection;
			productName = LiveObjectDetection;
			productReference = 3A438C7220FDED56003ED1D0 /* LiveObjectDetection.app */;
			productType = "com.apple.product-type.application";
		};
/* End PBXNativeTarget section */

/* Begin PBXProject section */
		3A438C6A20FDED56003ED1D0 /* Project object */ = {
			isa = PBXProject;
			attributes = {
				LastSwiftUpdateCheck = 0940;
				LastUpgradeCheck = 0940;
				ORGANIZATIONNAME = Vishwas;
				TargetAttributes = {
					3A438C7120FDED56003ED1D0 = {
						CreatedOnToolsVersion = 9.4;
					};
				};
			};
			buildConfigurationList = 3A438C6D20FDED56003ED1D0 /* Build configuration list for PBXProject "LiveObjectDetection" */;
			compatibilityVersion = "Xcode 9.3";
			developmentRegion = en;
			hasScannedForEncodings = 0;
			knownRegions = (
				en,
				Base,
			);
			mainGroup = 3A438C6920FDED56003ED1D0;
			productRefGroup = 3A438C7320FDED56003ED1D0 /* Products */;
			projectDirPath = "";
			projectRoot = "";
			targets = (
				3A438C7120FDED56003ED1D0 /* LiveObjectDetection */,
			);
		};
/* End PBXProject section */

/* Begin PBXResourcesBuildPhase section */
		3A438C7020FDED56003ED1D0 /* Resources */ = {
			isa = PBXResourcesBuildPhase;
			buildActionMask = 2147483647;
			files = (
				3A438C8020FDED58003ED1D0 /* LaunchScreen.storyboard in Resources */,
				3A438C7D20FDED58003ED1D0 /* Assets.xcassets in Resources */,
				3A438C7B20FDED56003ED1D0 /* Main.storyboard in Resources */,
			);
			runOnlyForDeploymentPostprocessing = 0;
		};
/* End PBXResourcesBuildPhase section */

/* Begin PBXSourcesBuildPhase section */
		3A438C6E20FDED56003ED1D0 /* Sources */ = {
			isa = PBXSourcesBuildPhase;
			buildActionMask = 2147483647;
			files = (
				3A438C8820FDEE9B003ED1D0 /* sessionModel.swift in Sources */,
				3A438C8A20FDF44E003ED1D0 /* Inceptionv3.mlmodel in Sources */,
				3A438C7820FDED56003ED1D0 /* ViewController.swift in Sources */,
				3A438C7620FDED56003ED1D0 /* AppDelegate.swift in Sources */,
			);
			runOnlyForDeploymentPostprocessing = 0;
		};
/* End PBXSourcesBuildPhase section */

/* Begin PBXVariantGroup section */
		3A438C7920FDED56003ED1D0 /* Main.storyboard */ = {
			isa = PBXVariantGroup;
			children = (
				3A438C7A20FDED56003ED1D0 /* Base */,
			);
			name = Main.storyboard;
			sourceTree = "<group>";
		};
		3A438C7E20FDED58003ED1D0 /* LaunchScreen.storyboard */ = {
			isa = PBXVariantGroup;
			children = (
				3A438C7F20FDED58003ED1D0 /* Base */,
			);
			name = LaunchScreen.storyboard;
			sourceTree = "<group>";
		};
/* End PBXVariantGroup section */

/* Begin XCBuildConfiguration section */
		3A438C8220FDED58003ED1D0 /* Debug */ = {
			isa = XCBuildConfiguration;
			buildSettings = {
				ALWAYS_SEARCH_USER_PATHS = NO;
				CLANG_ANALYZER_NONNULL = YES;
				CLANG_ANALYZER_NUMBER_OBJECT_CONVERSION = YES_AGGRESSIVE;
				CLANG_CXX_LANGUAGE_STANDARD = "gnu++14";
				CLANG_CXX_LIBRARY = "libc++";
				CLANG_ENABLE_MODULES = YES;
				CLANG_ENABLE_OBJC_ARC = YES;
				CLANG_ENABLE_OBJC_WEAK = YES;
				CLANG_WARN_BLOCK_CAPTURE_AUTORELEASING = YES;
				CLANG_WARN_BOOL_CONVERSION = YES;
				CLANG_WARN_COMMA = YES;
				CLANG_WARN_CONSTANT_CONVERSION = YES;
				CLANG_WARN_DEPRECATED_OBJC_IMPLEMENTATIONS = YES;
				CLANG_WARN_DIRECT_OBJC_ISA_USAGE = YES_ERROR;
				CLANG_WARN_DOCUMENTATION_COMMENTS = YES;
				CLANG_WARN_EMPTY_BODY = YES;
				CLANG_WARN_ENUM_CONVERSION = YES;
				CLANG_WARN_INFINITE_RECURSION = YES;
				CLANG_WARN_INT_CONVERSION = YES;
				CLANG_WARN_NON_LITERAL_NULL_CONVERSION = YES;
				CLANG_WARN_OBJC_IMPLICIT_RETAIN_SELF = YES;
				CLANG_WARN_OBJC_LITERAL_CONVERSION = YES;
				CLANG_WARN_OBJC_ROOT_CLASS = YES_ERROR;
				CLANG_WARN_RANGE_LOOP_ANALYSIS = YES;
				CLANG_WARN_STRICT_PROTOTYPES = YES;
				CLANG_WARN_SUSPICIOUS_MOVE = YES;
				CLANG_WARN_UNGUARDED_AVAILABILITY = YES_AGGRESSIVE;
				CLANG_WARN_UNREACHABLE_CODE = YES;
				CLANG_WARN__DUPLICATE_METHOD_MATCH = YES;
				CODE_SIGN_IDENTITY = "iPhone Developer";
				COPY_PHASE_STRIP = NO;
				DEBUG_INFORMATION_FORMAT = dwarf;
				ENABLE_STRICT_OBJC_MSGSEND = YES;
				ENABLE_TESTABILITY = YES;
				GCC_C_LANGUAGE_STANDARD = gnu11;
				GCC_DYNAMIC_NO_PIC = NO;
				GCC_NO_COMMON_BLOCKS = YES;
				GCC_OPTIMIZATION_LEVEL = 0;
				GCC_PREPROCESSOR_DEFINITIONS = (
					"DEBUG=1",
					"$(inherited)",
				);
				GCC_WARN_64_TO_32_BIT_CONVERSION = YES;
				GCC_WARN_ABOUT_RETURN_TYPE = YES_ERROR;
				GCC_WARN_UNDECLARED_SELECTOR = YES;
				GCC_WARN_UNINITIALIZED_AUTOS = YES_AGGRESSIVE;
				GCC_WARN_UNUSED_FUNCTION = YES;
				GCC_WARN_UNUSED_VARIABLE = YES;
				IPHONEOS_DEPLOYMENT_TARGET = 11.4;
				MTL_ENABLE_DEBUG_INFO = YES;
				ONLY_ACTIVE_ARCH = YES;
				SDKROOT = iphoneos;
				SWIFT_ACTIVE_COMPILATION_CONDITIONS = DEBUG;
				SWIFT_OPTIMIZATION_LEVEL = "-Onone";
			};
			name = Debug;
		};
		3A438C8320FDED58003ED1D0 /* Release */ = {
			isa = XCBuildConfiguration;
			buildSettings = {
				ALWAYS_SEARCH_USER_PATHS = NO;
				CLANG_ANALYZER_NONNULL = YES;
				CLANG_ANALYZER_NUMBER_OBJECT_CONVERSION = YES_AGGRESSIVE;
				CLANG_CXX_LANGUAGE_STANDARD = "gnu++14";
				CLANG_CXX_LIBRARY = "libc++";
				CLANG_ENABLE_MODULES = YES;
				CLANG_ENABLE_OBJC_ARC = YES;
				CLANG_ENABLE_OBJC_WEAK = YES;
				CLANG_WARN_BLOCK_CAPTURE_AUTORELEASING = YES;
				CLANG_WARN_BOOL_CONVERSION = YES;
				CLANG_WARN_COMMA = YES;
				CLANG_WARN_CONSTANT_CONVERSION = YES;
				CLANG_WARN_DEPRECATED_OBJC_IMPLEMENTATIONS = YES;
				CLANG_WARN_DIRECT_OBJC_ISA_USAGE = YES_ERROR;
				CLANG_WARN_DOCUMENTATION_COMMENTS = YES;
				CLANG_WARN_EMPTY_BODY = YES;
				CLANG_WARN_ENUM_CONVERSION = YES;
				CLANG_WARN_INFINITE_RECURSION = YES;
				CLANG_WARN_INT_CONVERSION = YES;
				CLANG_WARN_NON_LITERAL_NULL_CONVERSION = YES;
				CLANG_WARN_OBJC_IMPLICIT_RETAIN_SELF = YES;
				CLANG_WARN_OBJC_LITERAL_CONVERSION = YES;
				CLANG_WARN_OBJC_ROOT_CLASS = YES_ERROR;
				CLANG_WARN_RANGE_LOOP_ANALYSIS = YES;
				CLANG_WARN_STRICT_PROTOTYPES = YES;
				CLANG_WARN_SUSPICIOUS_MOVE = YES;
				CLANG_WARN_UNGUARDED_AVAILABILITY = YES_AGGRESSIVE;
				CLANG_WARN_UNREACHABLE_CODE = YES;
				CLANG_WARN__DUPLICATE_METHOD_MATCH = YES;
				CODE_SIGN_IDENTITY = "iPhone Developer";
				COPY_PHASE_STRIP = NO;
				DEBUG_INFORMATION_FORMAT = "dwarf-with-dsym";
				ENABLE_NS_ASSERTIONS = NO;
				ENABLE_STRICT_OBJC_MSGSEND = YES;
				GCC_C_LANGUAGE_STANDARD = gnu11;
				GCC_NO_COMMON_BLOCKS = YES;
				GCC_WARN_64_TO_32_BIT_CONVERSION = YES;
				GCC_WARN_ABOUT_RETURN_TYPE = YES_ERROR;
				GCC_WARN_UNDECLARED_SELECTOR = YES;
				GCC_WARN_UNINITIALIZED_AUTOS = YES_AGGRESSIVE;
				GCC_WARN_UNUSED_FUNCTION = YES;
				GCC_WARN_UNUSED_VARIABLE = YES;
				IPHONEOS_DEPLOYMENT_TARGET = 11.4;
				MTL_ENABLE_DEBUG_INFO = NO;
				SDKROOT = iphoneos;
				SWIFT_COMPILATION_MODE = wholemodule;
				SWIFT_OPTIMIZATION_LEVEL = "-O";
				VALIDATE_PRODUCT = YES;
			};
			name = Release;
		};
		3A438C8520FDED58003ED1D0 /* Debug */ = {
			isa = XCBuildConfiguration;
			buildSettings = {
				ASSETCATALOG_COMPILER_APPICON_NAME = AppIcon;
				CODE_SIGN_STYLE = Automatic;
				DEVELOPMENT_TEAM = D9DTL46TFP;
				INFOPLIST_FILE = LiveObjectDetection/Info.plist;
				LD_RUNPATH_SEARCH_PATHS = (
					"$(inherited)",
					"@executable_path/Frameworks",
				);
				PRODUCT_BUNDLE_IDENTIFIER = com.vishwas.stack.LiveObjectDetection;
				PRODUCT_NAME = "$(TARGET_NAME)";
				SWIFT_VERSION = 4.0;
				TARGETED_DEVICE_FAMILY = "1,2";
			};
			name = Debug;
		};
		3A438C8620FDED58003ED1D0 /* Release */ = {
			isa = XCBuildConfiguration;
			buildSettings = {
				ASSETCATALOG_COMPILER_APPICON_NAME = AppIcon;
				CODE_SIGN_STYLE = Automatic;
				DEVELOPMENT_TEAM = D9DTL46TFP;
				INFOPLIST_FILE = LiveObjectDetection/Info.plist;
				LD_RUNPATH_SEARCH_PATHS = (
					"$(inherited)",
					"@executable_path/Frameworks",
				);
				PRODUCT_BUNDLE_IDENTIFIER = com.vishwas.stack.LiveObjectDetection;
				PRODUCT_NAME = "$(TARGET_NAME)";
				SWIFT_VERSION = 4.0;
				TARGETED_DEVICE_FAMILY = "1,2";
			};
			name = Release;
		};
/* End XCBuildConfiguration section */

/* Begin XCConfigurationList section */
		3A438C6D20FDED56003ED1D0 /* Build configuration list for PBXProject "LiveObjectDetection" */ = {
			isa = XCConfigurationList;
			buildConfigurations = (
				3A438C8220FDED58003ED1D0 /* Debug */,
				3A438C8320FDED58003ED1D0 /* Release */,
			);
			defaultConfigurationIsVisible = 0;
			defaultConfigurationName = Release;
		};
		3A438C8420FDED58003ED1D0 /* Build configuration list for PBXNativeTarget "LiveObjectDetection" */ = {
			isa = XCConfigurationList;
			buildConfigurations = (
				3A438C8520FDED58003ED1D0 /* Debug */,
				3A438C8620FDED58003ED1D0 /* Release */,
			);
			defaultConfigurationIsVisible = 0;
			defaultConfigurationName = Release;
		};
/* End XCConfigurationList section */
	};
	rootObject = 3A438C6A20FDED56003ED1D0 /* Project object */;
}
